
Microsoft Visual Studio Solution File, Format Version 12.00
# Visual Studio 14
VisualStudioVersion = 14.0.25420.1
MinimumVisualStudioVersion = 10.0.40219.1
Project("{FAE04EC0-301F-11D3-BF4B-00C04F79EFBC}") = "AppServermine.Android", "AppServermine\AppServermine.Android\AppServermine.Android.csproj", "{E95E6B4A-3CF1-4DFB-B48E-88968153FABD}"
EndProject
Project("{FAE04EC0-301F-11D3-BF4B-00C04F79EFBC}") = "AppServermine", "AppServermine\AppServermine\AppServermine.csproj", "{0259E8DE-6E3A-4616-A1C9-CEA41FF9BB98}"
EndProject
Project("{FAE04EC0-301F-11D3-BF4B-00C04F79EFBC}") = "AppServermine.UWP", "AppServermine\AppServermine.UWP\AppServermine.UWP.csproj", "{405AD569-3324-4C06-949B-95DEB7C8919F}"
EndProject
Project("{FAE04EC0-301F-11D3-BF4B-00C04F79EFBC}") = "AppServermine.iOS", "AppServermine\AppServermine.iOS\AppServermine.iOS.csproj", "{742DD8BC-2846-4379-A9FE-B096D6194388}"
EndProject
Global
	GlobalSection(SolutionConfigurationPlatforms) = preSolution
		Ad-Hoc|Any CPU = Ad-Hoc|Any CPU
		Ad-Hoc|ARM = Ad-Hoc|ARM
		Ad-Hoc|iPhone = Ad-Hoc|iPhone
		Ad-Hoc|iPhoneSimulator = Ad-Hoc|iPhoneSimulator
		Ad-Hoc|x64 = Ad-Hoc|x64
		Ad-Hoc|x86 = Ad-Hoc|x86
		AppStore|Any CPU = AppStore|Any CPU
		AppStore|ARM = AppStore|ARM
		AppStore|iPhone = AppStore|iPhone
		AppStore|iPhoneSimulator = AppStore|iPhoneSimulator
		AppStore|x64 = AppStore|x64
		AppStore|x86 = AppStore|x86
		Debug|Any CPU = Debug|Any CPU
		Debug|ARM = Debug|ARM
		Debug|iPhone = Debug|iPhone
		Debug|iPhoneSimulator = Debug|iPhoneSimulator
		Debug|x64 = Debug|x64
		Debug|x86 = Debug|x86
		Release|Any CPU = Release|Any CPU
		Release|ARM = Release|ARM
		Release|iPhone = Release|iPhone
		Release|iPhoneSimulator = Release|iPhoneSimulator
		Release|x64 = Release|x64
		Release|x86 = Release|x86
	EndGlobalSection
	GlobalSection(ProjectConfigurationPlatforms) = postSolution
		{E95E6B4A-3CF1-4DFB-B48E-88968153FABD}.Ad-Hoc|Any CPU.ActiveCfg = Release|Any CPU
		{E95E6B4A-3CF1-4DFB-B48E-88968153FABD}.Ad-Hoc|Any CPU.Build.0 = Release|Any CPU
		{E95E6B4A-3CF1-4DFB-B48E-88968153FABD}.Ad-Hoc|Any CPU.Deploy.0 = Release|Any CPU
		{E95E6B4A-3CF1-4DFB-B48E-88968153FABD}.Ad-Hoc|ARM.ActiveCfg = Release|Any CPU
		{E95E6B4A-3CF1-4DFB-B48E-88968153FABD}.Ad-Hoc|ARM.Build.0 = Release|Any CPU
		{E95E6B4A-3CF1-4DFB-B48E-88968153FABD}.Ad-Hoc|ARM.Deploy.0 = Release|Any CPU
		{E95E6B4A-3CF1-4DFB-B48E-88968153FABD}.Ad-Hoc|iPhone.ActiveCfg = Release|Any CPU
		{E95E6B4A-3CF1-4DFB-B48E-88968153FABD}.Ad-Hoc|iPhone.Build.0 = Release|Any CPU
		{E95E6B4A-3CF1-4DFB-B48E-88968153FABD}.Ad-Hoc|iPhone.Deploy.0 = Release|Any CPU
		{E95E6B4A-3CF1-4DFB-B48E-88968153FABD}.Ad-Hoc|iPhoneSimulator.ActiveCfg = Release|Any CPU
		{E95E6B4A-3CF1-4DFB-B48E-88968153FABD}.Ad-Hoc|iPhoneSimulator.Build.0 = Release|Any CPU
		{E95E6B4A-3CF1-4DFB-B48E-88968153FABD}.Ad-Hoc|iPhoneSimulator.Deploy.0 = Release|Any CPU
		{E95E6B4A-3CF1-4DFB-B48E-88968153FABD}.Ad-Hoc|x64.ActiveCfg = Release|Any CPU
		{E95E6B4A-3CF1-4DFB-B48E-88968153FABD}.Ad-Hoc|x64.Build.0 = Release|Any CPU
		{E95E6B4A-3CF1-4DFB-B48E-88968153FABD}.Ad-Hoc|x64.Deploy.0 = Release|Any CPU
		{E95E6B4A-3CF1-4DFB-B48E-88968153FABD}.Ad-Hoc|x86.ActiveCfg = Release|Any CPU
		{E95E6B4A-3CF1-4DFB-B48E-88968153FABD}.Ad-Hoc|x86.Build.0 = Release|Any CPU
		{E95E6B4A-3CF1-4DFB-B48E-88968153FABD}.Ad-Hoc|x86.Deploy.0 = Release|Any CPU
		{E95E6B4A-3CF1-4DFB-B48E-88968153FABD}.AppStore|Any CPU.ActiveCfg = Release|Any CPU
		{E95E6B4A-3CF1-4DFB-B48E-88968153FABD}.AppStore|Any CPU.Build.0 = Release|Any CPU
		{E95E6B4A-3CF1-4DFB-B48E-88968153FABD}.AppStore|Any CPU.Deploy.0 = Release|Any CPU
		{E95E6B4A-3CF1-4DFB-B48E-88968153FABD}.AppStore|ARM.ActiveCfg = Release|Any CPU
		{E95E6B4A-3CF1-4DFB-B48E-88968153FABD}.AppStore|ARM.Build.0 = Release|Any CPU
		{E95E6B4A-3CF1-4DFB-B48E-88968153FABD}.AppStore|ARM.Deploy.0 = Release|Any CPU
		{E95E6B4A-3CF1-4DFB-B48E-88968153FABD}.AppStore|iPhone.ActiveCfg = Release|Any CPU
		{E95E6B4A-3CF1-4DFB-B48E-88968153FABD}.AppStore|iPhone.Build.0 = Release|Any CPU
		{E95E6B4A-3CF1-4DFB-B48E-88968153FABD}.AppStore|iPhone.Deploy.0 = Release|Any CPU
		{E95E6B4A-3CF1-4DFB-B48E-88968153FABD}.AppStore|iPhoneSimulator.ActiveCfg = Release|Any CPU
		{E95E6B4A-3CF1-4DFB-B48E-88968153FABD}.AppStore|iPhoneSimulator.Build.0 = Release|Any CPU
		{E95E6B4A-3CF1-4DFB-B48E-88968153FABD}.AppStore|iPhoneSimulator.Deploy.0 = Release|Any CPU
		{E95E6B4A-3CF1-4DFB-B48E-88968153FABD}.AppStore|x64.ActiveCfg = Release|Any CPU
		{E95E6B4A-3CF1-4DFB-B48E-88968153FABD}.AppStore|x64.Build.0 = Release|Any CPU
		{E95E6B4A-3CF1-4DFB-B48E-88968153FABD}.AppStore|x64.Deploy.0 = Release|Any CPU
		{E95E6B4A-3CF1-4DFB-B48E-88968153FABD}.AppStore|x86.ActiveCfg = Release|Any CPU
		{E95E6B4A-3CF1-4DFB-B48E-88968153FABD}.AppStore|x86.Build.0 = Release|Any CPU
		{E95E6B4A-3CF1-4DFB-B48E-88968153FABD}.AppStore|x86.Deploy.0 = Release|Any CPU
		{E95E6B4A-3CF1-4DFB-B48E-88968153FABD}.Debug|Any CPU.ActiveCfg = Debug|Any CPU
		{E95E6B4A-3CF1-4DFB-B48E-88968153FABD}.Debug|Any CPU.Build.0 = Debug|Any CPU
		{E95E6B4A-3CF1-4DFB-B48E-88968153FABD}.Debug|Any CPU.Deploy.0 = Debug|Any CPU
		{E95E6B4A-3CF1-4DFB-B48E-88968153FABD}.Debug|ARM.ActiveCfg = Debug|Any CPU
		{E95E6B4A-3CF1-4DFB-B48E-88968153FABD}.Debug|ARM.Build.0 = Debug|Any CPU
		{E95E6B4A-3CF1-4DFB-B48E-88968153FABD}.Debug|ARM.Deploy.0 = Debug|Any CPU
		{E95E6B4A-3CF1-4DFB-B48E-88968153FABD}.Debug|iPhone.ActiveCfg = Debug|Any CPU
		{E95E6B4A-3CF1-4DFB-B48E-88968153FABD}.Debug|iPhone.Build.0 = Debug|Any CPU
		{E95E6B4A-3CF1-4DFB-B48E-88968153FABD}.Debug|iPhone.Deploy.0 = Debug|Any CPU
		{E95E6B4A-3CF1-4DFB-B48E-88968153FABD}.Debug|iPhoneSimulator.ActiveCfg = Debug|Any CPU
		{E95E6B4A-3CF1-4DFB-B48E-88968153FABD}.Debug|iPhoneSimulator.Build.0 = Debug|Any CPU
		{E95E6B4A-3CF1-4DFB-B48E-88968153FABD}.Debug|iPhoneSimulator.Deploy.0 = Debug|Any CPU
		{E95E6B4A-3CF1-4DFB-B48E-88968153FABD}.Debug|x64.ActiveCfg = Debug|Any CPU
		{E95E6B4A-3CF1-4DFB-B48E-88968153FABD}.Debug|x64.Build.0 = Debug|Any CPU
		{E95E6B4A-3CF1-4DFB-B48E-88968153FABD}.Debug|x64.Deploy.0 = Debug|Any CPU
		{E95E6B4A-3CF1-4DFB-B48E-88968153FABD}.Debug|x86.ActiveCfg = Debug|Any CPU
		{E95E6B4A-3CF1-4DFB-B48E-88968153FABD}.Debug|x86.Build.0 = Debug|Any CPU
		{E95E6B4A-3CF1-4DFB-B48E-88968153FABD}.Debug|x86.Deploy.0 = Debug|Any CPU
		{E95E6B4A-3CF1-4DFB-B48E-88968153FABD}.Release|Any CPU.ActiveCfg = Release|Any CPU
		{E95E6B4A-3CF1-4DFB-B48E-88968153FABD}.Release|Any CPU.Build.0 = Release|Any CPU
		{E95E6B4A-3CF1-4DFB-B48E-88968153FABD}.Release|Any CPU.Deploy.0 = Release|Any CPU
		{E95E6B4A-3CF1-4DFB-B48E-88968153FABD}.Release|ARM.ActiveCfg = Release|Any CPU
		{E95E6B4A-3CF1-4DFB-B48E-88968153FABD}.Release|ARM.Build.0 = Release|Any CPU
		{E95E6B4A-3CF1-4DFB-B48E-88968153FABD}.Release|ARM.Deploy.0 = Release|Any CPU
		{E95E6B4A-3CF1-4DFB-B48E-88968153FABD}.Release|iPhone.ActiveCfg = Release|Any CPU
		{E95E6B4A-3CF1-4DFB-B48E-88968153FABD}.Release|iPhone.Build.0 = Release|Any CPU
		{E95E6B4A-3CF1-4DFB-B48E-88968153FABD}.Release|iPhone.Deploy.0 = Release|Any CPU
		{E95E6B4A-3CF1-4DFB-B48E-88968153FABD}.Release|iPhoneSimulator.ActiveCfg = Release|Any CPU
		{E95E6B4A-3CF1-4DFB-B48E-88968153FABD}.Release|iPhoneSimulator.Build.0 = Release|Any CPU
		{E95E6B4A-3CF1-4DFB-B48E-88968153FABD}.Release|iPhoneSimulator.Deploy.0 = Release|Any CPU
		{E95E6B4A-3CF1-4DFB-B48E-88968153FABD}.Release|x64.ActiveCfg = Release|Any CPU
		{E95E6B4A-3CF1-4DFB-B48E-88968153FABD}.Release|x64.Build.0 = Release|Any CPU
		{E95E6B4A-3CF1-4DFB-B48E-88968153FABD}.Release|x64.Deploy.0 = Release|Any CPU
		{E95E6B4A-3CF1-4DFB-B48E-88968153FABD}.Release|x86.ActiveCfg = Release|Any CPU
		{E95E6B4A-3CF1-4DFB-B48E-88968153FABD}.Release|x86.Build.0 = Release|Any CPU
		{E95E6B4A-3CF1-4DFB-B48E-88968153FABD}.Release|x86.Deploy.0 = Release|Any CPU
		{0259E8DE-6E3A-4616-A1C9-CEA41FF9BB98}.Ad-Hoc|Any CPU.ActiveCfg = Release|Any CPU
		{0259E8DE-6E3A-4616-A1C9-CEA41FF9BB98}.Ad-Hoc|Any CPU.Build.0 = Release|Any CPU
		{0259E8DE-6E3A-4616-A1C9-CEA41FF9BB98}.Ad-Hoc|ARM.ActiveCfg = Release|Any CPU
		{0259E8DE-6E3A-4616-A1C9-CEA41FF9BB98}.Ad-Hoc|ARM.Build.0 = Release|Any CPU
		{0259E8DE-6E3A-4616-A1C9-CEA41FF9BB98}.Ad-Hoc|iPhone.ActiveCfg = Release|Any CPU
		{0259E8DE-6E3A-4616-A1C9-CEA41FF9BB98}.Ad-Hoc|iPhone.Build.0 = Release|Any CPU
		{0259E8DE-6E3A-4616-A1C9-CEA41FF9BB98}.Ad-Hoc|iPhoneSimulator.ActiveCfg = Release|Any CPU
		{0259E8DE-6E3A-4616-A1C9-CEA41FF9BB98}.Ad-Hoc|iPhoneSimulator.Build.0 = Release|Any CPU
		{0259E8DE-6E3A-4616-A1C9-CEA41FF9BB98}.Ad-Hoc|x64.ActiveCfg = Release|Any CPU
		{0259E8DE-6E3A-4616-A1C9-CEA41FF9BB98}.Ad-Hoc|x64.Build.0 = Release|Any CPU
		{0259E8DE-6E3A-4616-A1C9-CEA41FF9BB98}.Ad-Hoc|x86.ActiveCfg = Release|Any CPU
		{0259E8DE-6E3A-4616-A1C9-CEA41FF9BB98}.Ad-Hoc|x86.Build.0 = Release|Any CPU
		{0259E8DE-6E3A-4616-A1C9-CEA41FF9BB98}.AppStore|Any CPU.ActiveCfg = Release|Any CPU
		{0259E8DE-6E3A-4616-A1C9-CEA41FF9BB98}.AppStore|Any CPU.Build.0 = Release|Any CPU
		{0259E8DE-6E3A-4616-A1C9-CEA41FF9BB98}.AppStore|ARM.ActiveCfg = Release|Any CPU
		{0259E8DE-6E3A-4616-A1C9-CEA41FF9BB98}.AppStore|ARM.Build.0 = Release|Any CPU
		{0259E8DE-6E3A-4616-A1C9-CEA41FF9BB98}.AppStore|iPhone.ActiveCfg = Release|Any CPU
		{0259E8DE-6E3A-4616-A1C9-CEA41FF9BB98}.AppStore|iPhone.Build.0 = Release|Any CPU
		{0259E8DE-6E3A-4616-A1C9-CEA41FF9BB98}.AppStore|iPhoneSimulator.ActiveCfg = Release|Any CPU
		{0259E8DE-6E3A-4616-A1C9-CEA41FF9BB98}.AppStore|iPhoneSimulator.Build.0 = Release|Any CPU
		{0259E8DE-6E3A-4616-A1C9-CEA41FF9BB98}.AppStore|x64.ActiveCfg = Release|Any CPU
		{0259E8DE-6E3A-4616-A1C9-CEA41FF9BB98}.AppStore|x64.Build.0 = Release|Any CPU
		{0259E8DE-6E3A-4616-A1C9-CEA41FF9BB98}.AppStore|x86.ActiveCfg = Release|Any CPU
		{0259E8DE-6E3A-4616-A1C9-CEA41FF9BB98}.AppStore|x86.Build.0 = Release|Any CPU
		{0259E8DE-6E3A-4616-A1C9-CEA41FF9BB98}.Debug|Any CPU.ActiveCfg = Debug|Any CPU
		{0259E8DE-6E3A-4616-A1C9-CEA41FF9BB98}.Debug|Any CPU.Build.0 = Debug|Any CPU
		{0259E8DE-6E3A-4616-A1C9-CEA41FF9BB98}.Debug|ARM.ActiveCfg = Debug|Any CPU
		{0259E8DE-6E3A-4616-A1C9-CEA41FF9BB98}.Debug|ARM.Build.0 = Debug|Any CPU
		{0259E8DE-6E3A-4616-A1C9-CEA41FF9BB98}.Debug|iPhone.ActiveCfg = Debug|Any CPU
		{0259E8DE-6E3A-4616-A1C9-CEA41FF9BB98}.Debug|iPhone.Build.0 = Debug|Any CPU
		{0259E8DE-6E3A-4616-A1C9-CEA41FF9BB98}.Debug|iPhoneSimulator.ActiveCfg = Debug|Any CPU
		{0259E8DE-6E3A-4616-A1C9-CEA41FF9BB98}.Debug|iPhoneSimulator.Build.0 = Debug|Any CPU
		{0259E8DE-6E3A-4616-A1C9-CEA41FF9BB98}.Debug|x64.ActiveCfg = Debug|Any CPU
		{0259E8DE-6E3A-4616-A1C9-CEA41FF9BB98}.Debug|x64.Build.0 = Debug|Any CPU
		{0259E8DE-6E3A-4616-A1C9-CEA41FF9BB98}.Debug|x86.ActiveCfg = Debug|Any CPU
		{0259E8DE-6E3A-4616-A1C9-CEA41FF9BB98}.Debug|x86.Build.0 = Debug|Any CPU
		{0259E8DE-6E3A-4616-A1C9-CEA41FF9BB98}.Release|Any CPU.ActiveCfg = Release|Any CPU
		{0259E8DE-6E3A-4616-A1C9-CEA41FF9BB98}.Release|Any CPU.Build.0 = Release|Any CPU
		{0259E8DE-6E3A-4616-A1C9-CEA41FF9BB98}.Release|ARM.ActiveCfg = Release|Any CPU
		{0259E8DE-6E3A-4616-A1C9-CEA41FF9BB98}.Release|ARM.Build.0 = Release|Any CPU
		{0259E8DE-6E3A-4616-A1C9-CEA41FF9BB98}.Release|iPhone.ActiveCfg = Release|Any CPU
		{0259E8DE-6E3A-4616-A1C9-CEA41FF9BB98}.Release|iPhone.Build.0 = Release|Any CPU
		{0259E8DE-6E3A-4616-A1C9-CEA41FF9BB98}.Release|iPhoneSimulator.ActiveCfg = Release|Any CPU
		{0259E8DE-6E3A-4616-A1C9-CEA41FF9BB98}.Release|iPhoneSimulator.Build.0 = Release|Any CPU
		{0259E8DE-6E3A-4616-A1C9-CEA41FF9BB98}.Release|x64.ActiveCfg = Release|Any CPU
		{0259E8DE-6E3A-4616-A1C9-CEA41FF9BB98}.Release|x64.Build.0 = Release|Any CPU
		{0259E8DE-6E3A-4616-A1C9-CEA41FF9BB98}.Release|x86.ActiveCfg = Release|Any CPU
		{0259E8DE-6E3A-4616-A1C9-CEA41FF9BB98}.Release|x86.Build.0 = Release|Any CPU
		{405AD569-3324-4C06-949B-95DEB7C8919F}.Ad-Hoc|Any CPU.ActiveCfg = Release|x86
		{405AD569-3324-4C06-949B-95DEB7C8919F}.Ad-Hoc|Any CPU.Build.0 = Release|x86
		{405AD569-3324-4C06-949B-95DEB7C8919F}.Ad-Hoc|Any CPU.Deploy.0 = Release|x86
		{405AD569-3324-4C06-949B-95DEB7C8919F}.Ad-Hoc|ARM.ActiveCfg = Release|ARM
		{405AD569-3324-4C06-949B-95DEB7C8919F}.Ad-Hoc|ARM.Build.0 = Release|ARM
		{405AD569-3324-4C06-949B-95DEB7C8919F}.Ad-Hoc|ARM.Deploy.0 = Release|ARM
		{405AD569-3324-4C06-949B-95DEB7C8919F}.Ad-Hoc|iPhone.ActiveCfg = Release|x86
		{405AD569-3324-4C06-949B-95DEB7C8919F}.Ad-Hoc|iPhone.Build.0 = Release|x86
		{405AD569-3324-4C06-949B-95DEB7C8919F}.Ad-Hoc|iPhone.Deploy.0 = Release|x86
		{405AD569-3324-4C06-949B-95DEB7C8919F}.Ad-Hoc|iPhoneSimulator.ActiveCfg = Release|x86
		{405AD569-3324-4C06-949B-95DEB7C8919F}.Ad-Hoc|iPhoneSimulator.Build.0 = Release|x86
		{405AD569-3324-4C06-949B-95DEB7C8919F}.Ad-Hoc|iPhoneSimulator.Deploy.0 = Release|x86
		{405AD569-3324-4C06-949B-95DEB7C8919F}.Ad-Hoc|x64.ActiveCfg = Release|x64
		{405AD569-3324-4C06-949B-95DEB7C8919F}.Ad-Hoc|x64.Build.0 = Release|x64
		{405AD569-3324-4C06-949B-95DEB7C8919F}.Ad-Hoc|x64.Deploy.0 = Release|x64
		{405AD569-3324-4C06-949B-95DEB7C8919F}.Ad-Hoc|x86.ActiveCfg = Release|x86
		{405AD569-3324-4C06-949B-95DEB7C8919F}.Ad-Hoc|x86.Build.0 = Release|x86
		{405AD569-3324-4C06-949B-95DEB7C8919F}.Ad-Hoc|x86.Deploy.0 = Release|x86
		{405AD569-3324-4C06-949B-95DEB7C8919F}.AppStore|Any CPU.ActiveCfg = Release|x86
		{405AD569-3324-4C06-949B-95DEB7C8919F}.AppStore|Any CPU.Build.0 = Release|x86
		{405AD569-3324-4C06-949B-95DEB7C8919F}.AppStore|Any CPU.Deploy.0 = Release|x86
		{405AD569-3324-4C06-949B-95DEB7C8919F}.AppStore|ARM.ActiveCfg = Release|ARM
		{405AD569-3324-4C06-949B-95DEB7C8919F}.AppStore|ARM.Build.0 = Release|ARM
		{405AD569-3324-4C06-949B-95DEB7C8919F}.AppStore|ARM.Deploy.0 = Release|ARM
		{405AD569-3324-4C06-949B-95DEB7C8919F}.AppStore|iPhone.ActiveCfg = Release|x86
		{405AD569-3324-4C06-949B-95DEB7C8919F}.AppStore|iPhone.Build.0 = Release|x86
		{405AD569-3324-4C06-949B-95DEB7C8919F}.AppStore|iPhone.Deploy.0 = Release|x86
		{405AD569-3324-4C06-949B-95DEB7C8919F}.AppStore|iPhoneSimulator.ActiveCfg = Release|x86
		{405AD569-3324-4C06-949B-95DEB7C8919F}.AppStore|iPhoneSimulator.Build.0 = Release|x86
		{405AD569-3324-4C06-949B-95DEB7C8919F}.AppStore|iPhoneSimulator.Deploy.0 = Release|x86
		{405AD569-3324-4C06-949B-95DEB7C8919F}.AppStore|x64.ActiveCfg = Release|x64
		{405AD569-3324-4C06-949B-95DEB7C8919F}.AppStore|x64.Build.0 = Release|x64
		{405AD569-3324-4C06-949B-95DEB7C8919F}.AppStore|x64.Deploy.0 = Release|x64
		{405AD569-3324-4C06-949B-95DEB7C8919F}.AppStore|x86.ActiveCfg = Release|x86
		{405AD569-3324-4C06-949B-95DEB7C8919F}.AppStore|x86.Build.0 = Release|x86
		{405AD569-3324-4C06-949B-95DEB7C8919F}.AppStore|x86.Deploy.0 = Release|x86
		{405AD569-3324-4C06-949B-95DEB7C8919F}.Debug|Any CPU.ActiveCfg = Debug|x86
		{405AD569-3324-4C06-949B-95DEB7C8919F}.Debug|ARM.ActiveCfg = Debug|ARM
		{405AD569-3324-4C06-949B-95DEB7C8919F}.Debug|ARM.Build.0 = Debug|ARM
		{405AD569-3324-4C06-949B-95DEB7C8919F}.Debug|ARM.Deploy.0 = Debug|ARM
		{405AD569-3324-4C06-949B-95DEB7C8919F}.Debug|iPhone.ActiveCfg = Debug|x86
		{405AD569-3324-4C06-949B-95DEB7C8919F}.Debug|iPhoneSimulator.ActiveCfg = Debug|x86
		{405AD569-3324-4C06-949B-95DEB7C8919F}.Debug|x64.ActiveCfg = Debug|x64
		{405AD569-3324-4C06-949B-95DEB7C8919F}.Debug|x64.Build.0 = Debug|x64
		{405AD569-3324-4C06-949B-95DEB7C8919F}.Debug|x64.Deploy.0 = Debug|x64
		{405AD569-3324-4C06-949B-95DEB7C8919F}.Debug|x86.ActiveCfg = Debug|x86
		{405AD569-3324-4C06-949B-95DEB7C8919F}.Debug|x86.Build.0 = Debug|x86
		{405AD569-3324-4C06-949B-95DEB7C8919F}.Debug|x86.Deploy.0 = Debug|x86
		{405AD569-3324-4C06-949B-95DEB7C8919F}.Release|Any CPU.ActiveCfg = Release|x86
		{405AD569-3324-4C06-949B-95DEB7C8919F}.Release|ARM.ActiveCfg = Release|ARM
		{405AD569-3324-4C06-949B-95DEB7C8919F}.Release|ARM.Build.0 = Release|ARM
		{405AD569-3324-4C06-949B-95DEB7C8919F}.Release|ARM.Deploy.0 = Release|ARM
		{405AD569-3324-4C06-949B-95DEB7C8919F}.Release|iPhone.ActiveCfg = Release|x86
		{405AD569-3324-4C06-949B-95DEB7C8919F}.Release|iPhoneSimulator.ActiveCfg = Release|x86
		{405AD569-3324-4C06-949B-95DEB7C8919F}.Release|x64.ActiveCfg = Release|x64
		{405AD569-3324-4C06-949B-95DEB7C8919F}.Release|x64.Build.0 = Release|x64
		{405AD569-3324-4C06-949B-95DEB7C8919F}.Release|x64.Deploy.0 = Release|x64
		{405AD569-3324-4C06-949B-95DEB7C8919F}.Release|x86.ActiveCfg = Release|x86
		{405AD569-3324-4C06-949B-95DEB7C8919F}.Release|x86.Build.0 = Release|x86
		{405AD569-3324-4C06-949B-95DEB7C8919F}.Release|x86.Deploy.0 = Release|x86
		{742DD8BC-2846-4379-A9FE-B096D6194388}.Ad-Hoc|Any CPU.ActiveCfg = Ad-Hoc|iPhone
		{742DD8BC-2846-4379-A9FE-B096D6194388}.Ad-Hoc|ARM.ActiveCfg = Ad-Hoc|iPhone
		{742DD8BC-2846-4379-A9FE-B096D6194388}.Ad-Hoc|iPhone.ActiveCfg = Ad-Hoc|iPhone
		{742DD8BC-2846-4379-A9FE-B096D6194388}.Ad-Hoc|iPhone.Build.0 = Ad-Hoc|iPhone
		{742DD8BC-2846-4379-A9FE-B096D6194388}.Ad-Hoc|iPhoneSimulator.ActiveCfg = Ad-Hoc|iPhoneSimulator
		{742DD8BC-2846-4379-A9FE-B096D6194388}.Ad-Hoc|iPhoneSimulator.Build.0 = Ad-Hoc|iPhoneSimulator
		{742DD8BC-2846-4379-A9FE-B096D6194388}.Ad-Hoc|x64.ActiveCfg = Ad-Hoc|iPhone
		{742DD8BC-2846-4379-A9FE-B096D6194388}.Ad-Hoc|x86.ActiveCfg = Ad-Hoc|iPhone
		{742DD8BC-2846-4379-A9FE-B096D6194388}.AppStore|Any CPU.ActiveCfg = AppStore|iPhone
		{742DD8BC-2846-4379-A9FE-B096D6194388}.AppStore|ARM.ActiveCfg = AppStore|iPhone
		{742DD8BC-2846-4379-A9FE-B096D6194388}.AppStore|iPhone.ActiveCfg = AppStore|iPhone
		{742DD8BC-2846-4379-A9FE-B096D6194388}.AppStore|iPhone.Build.0 = AppStore|iPhone
		{742DD8BC-2846-4379-A9FE-B096D6194388}.AppStore|iPhoneSimulator.ActiveCfg = AppStore|iPhoneSimulator
		{742DD8BC-2846-4379-A9FE-B096D6194388}.AppStore|iPhoneSimulator.Build.0 = AppStore|iPhoneSimulator
		{742DD8BC-2846-4379-A9FE-B096D6194388}.AppStore|x64.ActiveCfg = AppStore|iPhone
		{742DD8BC-2846-4379-A9FE-B096D6194388}.AppStore|x86.ActiveCfg = AppStore|iPhone
		{742DD8BC-2846-4379-A9FE-B096D6194388}.Debug|Any CPU.ActiveCfg = Debug|iPhone
		{742DD8BC-2846-4379-A9FE-B096D6194388}.Debug|ARM.ActiveCfg = Debug|iPhone
		{742DD8BC-2846-4379-A9FE-B096D6194388}.Debug|iPhone.ActiveCfg = Debug|iPhone
		{742DD8BC-2846-4379-A9FE-B096D6194388}.Debug|iPhone.Build.0 = Debug|iPhone
		{742DD8BC-2846-4379-A9FE-B096D6194388}.Debug|iPhoneSimulator.ActiveCfg = Debug|iPhoneSimulator
		{742DD8BC-2846-4379-A9FE-B096D6194388}.Debug|iPhoneSimulator.Build.0 = Debug|iPhoneSimulator
		{742DD8BC-2846-4379-A9FE-B096D6194388}.Debug|x64.ActiveCfg = Debug|iPhone
		{742DD8BC-2846-4379-A9FE-B096D6194388}.Debug|x86.ActiveCfg = Debug|iPhone
		{742DD8BC-2846-4379-A9FE-B096D6194388}.Release|Any CPU.ActiveCfg = Release|iPhone
		{742DD8BC-2846-4379-A9FE-B096D6194388}.Release|ARM.ActiveCfg = Release|iPhone
		{742DD8BC-2846-4379-A9FE-B096D6194388}.Release|iPhone.ActiveCfg = Release|iPhone
		{742DD8BC-2846-4379-A9FE-B096D6194388}.Release|iPhone.Build.0 = Release|iPhone
		{742DD8BC-2846-4379-A9FE-B096D6194388}.Release|iPhoneSimulator.ActiveCfg = Release|iPhoneSimulator
		{742DD8BC-2846-4379-A9FE-B096D6194388}.Release|iPhoneSimulator.Build.0 = Release|iPhoneSimulator
		{742DD8BC-2846-4379-A9FE-B096D6194388}.Release|x64.ActiveCfg = Release|iPhone
		{742DD8BC-2846-4379-A9FE-B096D6194388}.Release|x86.ActiveCfg = Release|iPhone
	EndGlobalSection
	GlobalSection(SolutionProperties) = preSolution
		HideSolutionNode = FALSE
	EndGlobalSection
EndGlobal
